
Microsoft Visual Studio Solution File, Format Version 12.00
# Visual Studio Version 17
VisualStudioVersion = 17.10.35122.118
MinimumVisualStudioVersion = 10.0.40219.1
Project("{FAE04EC0-301F-11D3-BF4B-00C04F79EFBC}") = "WinFormsTextProperties", "WinFormsTextProperties\WinFormsTextProperties.csproj", "{310256F5-36F6-4D02-B6D5-7247629EE74F}"
EndProject
Project("{FAE04EC0-301F-11D3-BF4B-00C04F79EFBC}") = "WinFormsPifEditor", "WinFormsPifEditor\WinFormsPifEditor.csproj", "{834E905F-4865-4182-B48A-B0E253E0BCF1}"
EndProject
Global
	GlobalSection(SolutionConfigurationPlatforms) = preSolution
		Debug|Any CPU = Debug|Any CPU
		Release|Any CPU = Release|Any CPU
	EndGlobalSection
	GlobalSection(ProjectConfigurationPlatforms) = postSolution
		{310256F5-36F6-4D02-B6D5-7247629EE74F}.Debug|Any CPU.ActiveCfg = Debug|Any CPU
		{310256F5-36F6-4D02-B6D5-7247629EE74F}.Debug|Any CPU.Build.0 = Debug|Any CPU
		{310256F5-36F6-4D02-B6D5-7247629EE74F}.Release|Any CPU.ActiveCfg = Release|Any CPU
		{310256F5-36F6-4D02-B6D5-7247629EE74F}.Release|Any CPU.Build.0 = Release|Any CPU
		{834E905F-4865-4182-B48A-B0E253E0BCF1}.Debug|Any CPU.ActiveCfg = Debug|Any CPU
		{834E905F-4865-4182-B48A-B0E253E0BCF1}.Debug|Any CPU.Build.0 = Debug|Any CPU
		{834E905F-4865-4182-B48A-B0E253E0BCF1}.Release|Any CPU.ActiveCfg = Release|Any CPU
		{834E905F-4865-4182-B48A-B0E253E0BCF1}.Release|Any CPU.Build.0 = Release|Any CPU
	EndGlobalSection
	GlobalSection(SolutionProperties) = preSolution
		HideSolutionNode = FALSE
	EndGlobalSection
	GlobalSection(ExtensibilityGlobals) = postSolution
		SolutionGuid = {283C7D5A-6478-4168-979C-2C95F38A9F44}
	EndGlobalSection
EndGlobal
